
Microsoft Visual Studio Solution File, Format Version 12.00
# Visual Studio Version 17
VisualStudioVersion = 17.11.35222.181
MinimumVisualStudioVersion = 10.0.40219.1
Project("{FAE04EC0-301F-11D3-BF4B-00C04F79EFBC}") = "ShopWeb", "ShopWeb\ShopWeb.csproj", "{552FF0F5-5A0A-4A0A-8112-63237772895F}"
EndProject
Global
	GlobalSection(SolutionConfigurationPlatforms) = preSolution
		Debug|Any CPU = Debug|Any CPU
		Release|Any CPU = Release|Any CPU
	EndGlobalSection
	GlobalSection(ProjectConfigurationPlatforms) = postSolution
		{552FF0F5-5A0A-4A0A-8112-63237772895F}.Debug|Any CPU.ActiveCfg = Debug|Any CPU
		{552FF0F5-5A0A-4A0A-8112-63237772895F}.Debug|Any CPU.Build.0 = Debug|Any CPU
		{552FF0F5-5A0A-4A0A-8112-63237772895F}.Release|Any CPU.ActiveCfg = Release|Any CPU
		{552FF0F5-5A0A-4A0A-8112-63237772895F}.Release|Any CPU.Build.0 = Release|Any CPU
	EndGlobalSection
	GlobalSection(SolutionProperties) = preSolution
		HideSolutionNode = FALSE
	EndGlobalSection
	GlobalSection(ExtensibilityGlobals) = postSolution
		SolutionGuid = {ADFA5C54-7F26-4FB5-99C4-E6E3C812A58A}
	EndGlobalSection
EndGlobal
